// !$*UTF8*$!
{
	archiveVersion = 1;
	classes = {
	};
	objectVersion = 56;
	objects = {

/* Begin PBXBuildFile section */
		A5185F5A29BA07D700642F34 /* UnitProductView.swift in Sources */ = {isa = PBXBuildFile; fileRef = A5185F5929BA07D700642F34 /* UnitProductView.swift */; };
		A5185F5C29BA101200642F34 /* ListProductView.swift in Sources */ = {isa = PBXBuildFile; fileRef = A5185F5B29BA101200642F34 /* ListProductView.swift */; };
		A569796429C9DAC300C4333F /* Firemanager.swift in Sources */ = {isa = PBXBuildFile; fileRef = A569796329C9DAC300C4333F /* Firemanager.swift */; };
		A569EA2329C89D84001C8815 /* FirebaseAuth in Frameworks */ = {isa = PBXBuildFile; productRef = A569EA2229C89D84001C8815 /* FirebaseAuth */; };
		A569EA2529C89D84001C8815 /* FirebaseDatabase in Frameworks */ = {isa = PBXBuildFile; productRef = A569EA2429C89D84001C8815 /* FirebaseDatabase */; };
		A569EA2729C89D84001C8815 /* FirebaseFirestore in Frameworks */ = {isa = PBXBuildFile; productRef = A569EA2629C89D84001C8815 /* FirebaseFirestore */; };
		A569EA2929C89D84001C8815 /* FirebaseStorage in Frameworks */ = {isa = PBXBuildFile; productRef = A569EA2829C89D84001C8815 /* FirebaseStorage */; };
		A569EA2B29C89E90001C8815 /* GoogleService-Info.plist in Resources */ = {isa = PBXBuildFile; fileRef = A569EA2A29C89E8F001C8815 /* GoogleService-Info.plist */; };
		A569EA2D29C9ADAB001C8815 /* RegistrationView.swift in Sources */ = {isa = PBXBuildFile; fileRef = A569EA2C29C9ADAB001C8815 /* RegistrationView.swift */; };
		A569EA2F29C9B01A001C8815 /* SignInView.swift in Sources */ = {isa = PBXBuildFile; fileRef = A569EA2E29C9B01A001C8815 /* SignInView.swift */; };
		A571CB1A29C470C00040B7FB /* ListCountryView.swift in Sources */ = {isa = PBXBuildFile; fileRef = A571CB1929C470C00040B7FB /* ListCountryView.swift */; };
		A571CB1D29C47D550040B7FB /* Phone.swift in Sources */ = {isa = PBXBuildFile; fileRef = A571CB1C29C47D550040B7FB /* Phone.swift */; };
		A571CB1F29C47D6C0040B7FB /* TV.swift in Sources */ = {isa = PBXBuildFile; fileRef = A571CB1E29C47D6C0040B7FB /* TV.swift */; };
		A571CB2129C47D9B0040B7FB /* ForKitchen.swift in Sources */ = {isa = PBXBuildFile; fileRef = A571CB2029C47D9B0040B7FB /* ForKitchen.swift */; };
		A571CB2329C47DB30040B7FB /* ForHome.swift in Sources */ = {isa = PBXBuildFile; fileRef = A571CB2229C47DB30040B7FB /* ForHome.swift */; };
		A571CB2529C47DF20040B7FB /* ForGamers.swift in Sources */ = {isa = PBXBuildFile; fileRef = A571CB2429C47DF20040B7FB /* ForGamers.swift */; };
		A571CB2729C47E120040B7FB /* Accessories.swift in Sources */ = {isa = PBXBuildFile; fileRef = A571CB2629C47E120040B7FB /* Accessories.swift */; };
		A571CB2929C486970040B7FB /* ListItemView.swift in Sources */ = {isa = PBXBuildFile; fileRef = A571CB2829C486970040B7FB /* ListItemView.swift */; };
		A571CB2B29C486ED0040B7FB /* SearchBar.swift in Sources */ = {isa = PBXBuildFile; fileRef = A571CB2A29C486ED0040B7FB /* SearchBar.swift */; };
		A5C4FB7129BE1FC200435495 /* ElectedButtonView.swift in Sources */ = {isa = PBXBuildFile; fileRef = A5C4FB7029BE1FC200435495 /* ElectedButtonView.swift */; };
		A5C4FB7329BF396500435495 /* ListView.swift in Sources */ = {isa = PBXBuildFile; fileRef = A5C4FB7229BF396500435495 /* ListView.swift */; };
		A5E4556C29BBC24700213218 /* EntryButtonView.swift in Sources */ = {isa = PBXBuildFile; fileRef = A5E4556B29BBC24700213218 /* EntryButtonView.swift */; };
		A5E4556E29BC024400213218 /* RegisterButtonView.swift in Sources */ = {isa = PBXBuildFile; fileRef = A5E4556D29BC024400213218 /* RegisterButtonView.swift */; };
		A5E4557129BC0BF500213218 /* BusketButton.swift in Sources */ = {isa = PBXBuildFile; fileRef = A5E4557029BC0BF500213218 /* BusketButton.swift */; };
		A5F0B19929B9CEC70029285C /* ShopAppApp.swift in Sources */ = {isa = PBXBuildFile; fileRef = A5F0B19829B9CEC70029285C /* ShopAppApp.swift */; };
		A5F0B19B29B9CEC70029285C /* ContentView.swift in Sources */ = {isa = PBXBuildFile; fileRef = A5F0B19A29B9CEC70029285C /* ContentView.swift */; };
		A5F0B19D29B9CEC90029285C /* Assets.xcassets in Resources */ = {isa = PBXBuildFile; fileRef = A5F0B19C29B9CEC90029285C /* Assets.xcassets */; };
		A5F0B1A029B9CEC90029285C /* Preview Assets.xcassets in Resources */ = {isa = PBXBuildFile; fileRef = A5F0B19F29B9CEC90029285C /* Preview Assets.xcassets */; };
		A5F0B1AA29B9D51F0029285C /* ProfileView.swift in Sources */ = {isa = PBXBuildFile; fileRef = A5F0B1A929B9D51F0029285C /* ProfileView.swift */; };
		A5F0B1AC29B9D5390029285C /* CatalogView.swift in Sources */ = {isa = PBXBuildFile; fileRef = A5F0B1AB29B9D5390029285C /* CatalogView.swift */; };
		A5F0B1AE29B9D5680029285C /* ElectedView.swift in Sources */ = {isa = PBXBuildFile; fileRef = A5F0B1AD29B9D5680029285C /* ElectedView.swift */; };
		A5F0B1B029B9D5910029285C /* BasketView.swift in Sources */ = {isa = PBXBuildFile; fileRef = A5F0B1AF29B9D5910029285C /* BasketView.swift */; };
		A5F0B1B229B9F2E60029285C /* TabItemView.swift in Sources */ = {isa = PBXBuildFile; fileRef = A5F0B1B129B9F2E60029285C /* TabItemView.swift */; };
/* End PBXBuildFile section */

/* Begin PBXFileReference section */
		A5185F5929BA07D700642F34 /* UnitProductView.swift */ = {isa = PBXFileReference; lastKnownFileType = sourcecode.swift; path = UnitProductView.swift; sourceTree = "<group>"; };
		A5185F5B29BA101200642F34 /* ListProductView.swift */ = {isa = PBXFileReference; lastKnownFileType = sourcecode.swift; path = ListProductView.swift; sourceTree = "<group>"; };
		A569796329C9DAC300C4333F /* Firemanager.swift */ = {isa = PBXFileReference; lastKnownFileType = sourcecode.swift; path = Firemanager.swift; sourceTree = "<group>"; };
		A569EA2A29C89E8F001C8815 /* GoogleService-Info.plist */ = {isa = PBXFileReference; fileEncoding = 4; lastKnownFileType = text.plist.xml; path = "GoogleService-Info.plist"; sourceTree = "<group>"; };
		A569EA2C29C9ADAB001C8815 /* RegistrationView.swift */ = {isa = PBXFileReference; lastKnownFileType = sourcecode.swift; path = RegistrationView.swift; sourceTree = "<group>"; };
		A569EA2E29C9B01A001C8815 /* SignInView.swift */ = {isa = PBXFileReference; lastKnownFileType = sourcecode.swift; path = SignInView.swift; sourceTree = "<group>"; };
		A571CB1929C470C00040B7FB /* ListCountryView.swift */ = {isa = PBXFileReference; lastKnownFileType = sourcecode.swift; path = ListCountryView.swift; sourceTree = "<group>"; };
		A571CB1C29C47D550040B7FB /* Phone.swift */ = {isa = PBXFileReference; lastKnownFileType = sourcecode.swift; path = Phone.swift; sourceTree = "<group>"; };
		A571CB1E29C47D6C0040B7FB /* TV.swift */ = {isa = PBXFileReference; lastKnownFileType = sourcecode.swift; path = TV.swift; sourceTree = "<group>"; };
		A571CB2029C47D9B0040B7FB /* ForKitchen.swift */ = {isa = PBXFileReference; lastKnownFileType = sourcecode.swift; path = ForKitchen.swift; sourceTree = "<group>"; };
		A571CB2229C47DB30040B7FB /* ForHome.swift */ = {isa = PBXFileReference; lastKnownFileType = sourcecode.swift; path = ForHome.swift; sourceTree = "<group>"; };
		A571CB2429C47DF20040B7FB /* ForGamers.swift */ = {isa = PBXFileReference; lastKnownFileType = sourcecode.swift; path = ForGamers.swift; sourceTree = "<group>"; };
		A571CB2629C47E120040B7FB /* Accessories.swift */ = {isa = PBXFileReference; lastKnownFileType = sourcecode.swift; path = Accessories.swift; sourceTree = "<group>"; };
		A571CB2829C486970040B7FB /* ListItemView.swift */ = {isa = PBXFileReference; lastKnownFileType = sourcecode.swift; path = ListItemView.swift; sourceTree = "<group>"; };
		A571CB2A29C486ED0040B7FB /* SearchBar.swift */ = {isa = PBXFileReference; lastKnownFileType = sourcecode.swift; path = SearchBar.swift; sourceTree = "<group>"; };
		A5C4FB7029BE1FC200435495 /* ElectedButtonView.swift */ = {isa = PBXFileReference; lastKnownFileType = sourcecode.swift; path = ElectedButtonView.swift; sourceTree = "<group>"; };
		A5C4FB7229BF396500435495 /* ListView.swift */ = {isa = PBXFileReference; lastKnownFileType = sourcecode.swift; path = ListView.swift; sourceTree = "<group>"; };
		A5E4556B29BBC24700213218 /* EntryButtonView.swift */ = {isa = PBXFileReference; lastKnownFileType = sourcecode.swift; path = EntryButtonView.swift; sourceTree = "<group>"; };
		A5E4556D29BC024400213218 /* RegisterButtonView.swift */ = {isa = PBXFileReference; lastKnownFileType = sourcecode.swift; path = RegisterButtonView.swift; sourceTree = "<group>"; };
		A5E4557029BC0BF500213218 /* BusketButton.swift */ = {isa = PBXFileReference; lastKnownFileType = sourcecode.swift; path = BusketButton.swift; sourceTree = "<group>"; };
		A5F0B19529B9CEC70029285C /* ShopApp.app */ = {isa = PBXFileReference; explicitFileType = wrapper.application; includeInIndex = 0; path = ShopApp.app; sourceTree = BUILT_PRODUCTS_DIR; };
		A5F0B19829B9CEC70029285C /* ShopAppApp.swift */ = {isa = PBXFileReference; lastKnownFileType = sourcecode.swift; path = ShopAppApp.swift; sourceTree = "<group>"; };
		A5F0B19A29B9CEC70029285C /* ContentView.swift */ = {isa = PBXFileReference; lastKnownFileType = sourcecode.swift; path = ContentView.swift; sourceTree = "<group>"; };
		A5F0B19C29B9CEC90029285C /* Assets.xcassets */ = {isa = PBXFileReference; lastKnownFileType = folder.assetcatalog; path = Assets.xcassets; sourceTree = "<group>"; };
		A5F0B19F29B9CEC90029285C /* Preview Assets.xcassets */ = {isa = PBXFileReference; lastKnownFileType = folder.assetcatalog; path = "Preview Assets.xcassets"; sourceTree = "<group>"; };
		A5F0B1A929B9D51F0029285C /* ProfileView.swift */ = {isa = PBXFileReference; lastKnownFileType = sourcecode.swift; path = ProfileView.swift; sourceTree = "<group>"; };
		A5F0B1AB29B9D5390029285C /* CatalogView.swift */ = {isa = PBXFileReference; lastKnownFileType = sourcecode.swift; path = CatalogView.swift; sourceTree = "<group>"; };
		A5F0B1AD29B9D5680029285C /* ElectedView.swift */ = {isa = PBXFileReference; lastKnownFileType = sourcecode.swift; path = ElectedView.swift; sourceTree = "<group>"; };
		A5F0B1AF29B9D5910029285C /* BasketView.swift */ = {isa = PBXFileReference; lastKnownFileType = sourcecode.swift; path = BasketView.swift; sourceTree = "<group>"; };
		A5F0B1B129B9F2E60029285C /* TabItemView.swift */ = {isa = PBXFileReference; lastKnownFileType = sourcecode.swift; path = TabItemView.swift; sourceTree = "<group>"; };
/* End PBXFileReference section */

/* Begin PBXFrameworksBuildPhase section */
		A5F0B19229B9CEC70029285C /* Frameworks */ = {
			isa = PBXFrameworksBuildPhase;
			buildActionMask = 2147483647;
			files = (
				A569EA2529C89D84001C8815 /* FirebaseDatabase in Frameworks */,
				A569EA2929C89D84001C8815 /* FirebaseStorage in Frameworks */,
				A569EA2329C89D84001C8815 /* FirebaseAuth in Frameworks */,
				A569EA2729C89D84001C8815 /* FirebaseFirestore in Frameworks */,
			);
			runOnlyForDeploymentPostprocessing = 0;
		};
/* End PBXFrameworksBuildPhase section */

/* Begin PBXGroup section */
		A571CB1829C470820040B7FB /* ListConfigView */ = {
			isa = PBXGroup;
			children = (
				A5C4FB7229BF396500435495 /* ListView.swift */,
				A571CB1929C470C00040B7FB /* ListCountryView.swift */,
			);
			path = ListConfigView;
			sourceTree = "<group>";
		};
		A571CB1B29C47D0C0040B7FB /* CatalogItemView */ = {
			isa = PBXGroup;
			children = (
				A571CB1C29C47D550040B7FB /* Phone.swift */,
				A571CB1E29C47D6C0040B7FB /* TV.swift */,
				A571CB2229C47DB30040B7FB /* ForHome.swift */,
				A571CB2029C47D9B0040B7FB /* ForKitchen.swift */,
				A571CB2429C47DF20040B7FB /* ForGamers.swift */,
				A571CB2629C47E120040B7FB /* Accessories.swift */,
			);
			path = CatalogItemView;
			sourceTree = "<group>";
		};
		A598D97F29BBC1BB007C9E8F /* Profile */ = {
			isa = PBXGroup;
			children = (
				A5F0B1A929B9D51F0029285C /* ProfileView.swift */,
				A569EA2C29C9ADAB001C8815 /* RegistrationView.swift */,
				A569EA2E29C9B01A001C8815 /* SignInView.swift */,
				A5E4556B29BBC24700213218 /* EntryButtonView.swift */,
				A5E4556D29BC024400213218 /* RegisterButtonView.swift */,
				A571CB1829C470820040B7FB /* ListConfigView */,
			);
			path = Profile;
			sourceTree = "<group>";
		};
		A5E4556F29BC0B1F00213218 /* Basket */ = {
			isa = PBXGroup;
			children = (
				A5F0B1AF29B9D5910029285C /* BasketView.swift */,
				A5E4557029BC0BF500213218 /* BusketButton.swift */,
			);
			path = Basket;
			sourceTree = "<group>";
		};
		A5F0B18C29B9CEC70029285C = {
			isa = PBXGroup;
			children = (
				A5F0B19729B9CEC70029285C /* ShopApp */,
				A5F0B19629B9CEC70029285C /* Products */,
			);
			sourceTree = "<group>";
		};
		A5F0B19629B9CEC70029285C /* Products */ = {
			isa = PBXGroup;
			children = (
				A5F0B19529B9CEC70029285C /* ShopApp.app */,
			);
			name = Products;
			sourceTree = "<group>";
		};
		A5F0B19729B9CEC70029285C /* ShopApp */ = {
			isa = PBXGroup;
			children = (
				A5F0B1A829B9D4A30029285C /* Model */,
				A5F0B1A729B9D49E0029285C /* View */,
				A5F0B1A629B9D4830029285C /* ViewModel */,
				A5F0B19829B9CEC70029285C /* ShopAppApp.swift */,
				A5F0B19C29B9CEC90029285C /* Assets.xcassets */,
				A569EA2A29C89E8F001C8815 /* GoogleService-Info.plist */,
				A5F0B19E29B9CEC90029285C /* Preview Content */,
			);
			path = ShopApp;
			sourceTree = "<group>";
		};
		A5F0B19E29B9CEC90029285C /* Preview Content */ = {
			isa = PBXGroup;
			children = (
				A5F0B19F29B9CEC90029285C /* Preview Assets.xcassets */,
			);
			path = "Preview Content";
			sourceTree = "<group>";
		};
		A5F0B1A629B9D4830029285C /* ViewModel */ = {
			isa = PBXGroup;
			children = (
			);
			path = ViewModel;
			sourceTree = "<group>";
		};
		A5F0B1A729B9D49E0029285C /* View */ = {
			isa = PBXGroup;
			children = (
				A571CB2A29C486ED0040B7FB /* SearchBar.swift */,
				A5F0B19A29B9CEC70029285C /* ContentView.swift */,
				A598D97F29BBC1BB007C9E8F /* Profile */,
				A5F0B1B329B9FCDB0029285C /* Catalog */,
				A5F0B1AD29B9D5680029285C /* ElectedView.swift */,
				A5C4FB7029BE1FC200435495 /* ElectedButtonView.swift */,
				A5E4556F29BC0B1F00213218 /* Basket */,
				A5F0B1B129B9F2E60029285C /* TabItemView.swift */,
			);
			path = View;
			sourceTree = "<group>";
		};
		A5F0B1A829B9D4A30029285C /* Model */ = {
			isa = PBXGroup;
			children = (
				A569796329C9DAC300C4333F /* Firemanager.swift */,
			);
			path = Model;
			sourceTree = "<group>";
		};
		A5F0B1B329B9FCDB0029285C /* Catalog */ = {
			isa = PBXGroup;
			children = (
				A5F0B1AB29B9D5390029285C /* CatalogView.swift */,
				A571CB1B29C47D0C0040B7FB /* CatalogItemView */,
				A5185F5929BA07D700642F34 /* UnitProductView.swift */,
				A5185F5B29BA101200642F34 /* ListProductView.swift */,
				A571CB2829C486970040B7FB /* ListItemView.swift */,
			);
			path = Catalog;
			sourceTree = "<group>";
		};
/* End PBXGroup section */

/* Begin PBXNativeTarget section */
		A5F0B19429B9CEC70029285C /* ShopApp */ = {
			isa = PBXNativeTarget;
			buildConfigurationList = A5F0B1A329B9CEC90029285C /* Build configuration list for PBXNativeTarget "ShopApp" */;
			buildPhases = (
				A5F0B19129B9CEC70029285C /* Sources */,
				A5F0B19229B9CEC70029285C /* Frameworks */,
				A5F0B19329B9CEC70029285C /* Resources */,
			);
			buildRules = (
			);
			dependencies = (
			);
			name = ShopApp;
			packageProductDependencies = (
				A569EA2229C89D84001C8815 /* FirebaseAuth */,
				A569EA2429C89D84001C8815 /* FirebaseDatabase */,
				A569EA2629C89D84001C8815 /* FirebaseFirestore */,
				A569EA2829C89D84001C8815 /* FirebaseStorage */,
			);
			productName = ShopApp;
			productReference = A5F0B19529B9CEC70029285C /* ShopApp.app */;
			productType = "com.apple.product-type.application";
		};
/* End PBXNativeTarget section */

/* Begin PBXProject section */
		A5F0B18D29B9CEC70029285C /* Project object */ = {
			isa = PBXProject;
			attributes = {
				BuildIndependentTargetsInParallel = 1;
				LastSwiftUpdateCheck = 1420;
				LastUpgradeCheck = 1420;
				TargetAttributes = {
					A5F0B19429B9CEC70029285C = {
						CreatedOnToolsVersion = 14.2;
					};
				};
			};
			buildConfigurationList = A5F0B19029B9CEC70029285C /* Build configuration list for PBXProject "ShopApp" */;
			compatibilityVersion = "Xcode 14.0";
			developmentRegion = en;
			hasScannedForEncodings = 0;
			knownRegions = (
				en,
				Base,
			);
			mainGroup = A5F0B18C29B9CEC70029285C;
			packageReferences = (
				A569EA2129C89D84001C8815 /* XCRemoteSwiftPackageReference "firebase-ios-sdk" */,
			);
			productRefGroup = A5F0B19629B9CEC70029285C /* Products */;
			projectDirPath = "";
			projectRoot = "";
			targets = (
				A5F0B19429B9CEC70029285C /* ShopApp */,
			);
		};
/* End PBXProject section */

/* Begin PBXResourcesBuildPhase section */
		A5F0B19329B9CEC70029285C /* Resources */ = {
			isa = PBXResourcesBuildPhase;
			buildActionMask = 2147483647;
			files = (
				A5F0B1A029B9CEC90029285C /* Preview Assets.xcassets in Resources */,
				A5F0B19D29B9CEC90029285C /* Assets.xcassets in Resources */,
				A569EA2B29C89E90001C8815 /* GoogleService-Info.plist in Resources */,
			);
			runOnlyForDeploymentPostprocessing = 0;
		};
/* End PBXResourcesBuildPhase section */

/* Begin PBXSourcesBuildPhase section */
		A5F0B19129B9CEC70029285C /* Sources */ = {
			isa = PBXSourcesBuildPhase;
			buildActionMask = 2147483647;
			files = (
				A571CB1F29C47D6C0040B7FB /* TV.swift in Sources */,
				A571CB1D29C47D550040B7FB /* Phone.swift in Sources */,
				A5E4556C29BBC24700213218 /* EntryButtonView.swift in Sources */,
				A571CB2929C486970040B7FB /* ListItemView.swift in Sources */,
				A5185F5A29BA07D700642F34 /* UnitProductView.swift in Sources */,
				A5F0B1B029B9D5910029285C /* BasketView.swift in Sources */,
				A569EA2D29C9ADAB001C8815 /* RegistrationView.swift in Sources */,
				A569796429C9DAC300C4333F /* Firemanager.swift in Sources */,
				A5F0B1B229B9F2E60029285C /* TabItemView.swift in Sources */,
				A5185F5C29BA101200642F34 /* ListProductView.swift in Sources */,
				A569EA2F29C9B01A001C8815 /* SignInView.swift in Sources */,
				A5F0B19B29B9CEC70029285C /* ContentView.swift in Sources */,
				A571CB2529C47DF20040B7FB /* ForGamers.swift in Sources */,
				A5C4FB7129BE1FC200435495 /* ElectedButtonView.swift in Sources */,
				A571CB1A29C470C00040B7FB /* ListCountryView.swift in Sources */,
				A571CB2129C47D9B0040B7FB /* ForKitchen.swift in Sources */,
				A5F0B1AA29B9D51F0029285C /* ProfileView.swift in Sources */,
				A571CB2329C47DB30040B7FB /* ForHome.swift in Sources */,
				A5F0B1AE29B9D5680029285C /* ElectedView.swift in Sources */,
				A571CB2B29C486ED0040B7FB /* SearchBar.swift in Sources */,
				A5C4FB7329BF396500435495 /* ListView.swift in Sources */,
				A5F0B1AC29B9D5390029285C /* CatalogView.swift in Sources */,
				A571CB2729C47E120040B7FB /* Accessories.swift in Sources */,
				A5E4556E29BC024400213218 /* RegisterButtonView.swift in Sources */,
				A5F0B19929B9CEC70029285C /* ShopAppApp.swift in Sources */,
				A5E4557129BC0BF500213218 /* BusketButton.swift in Sources */,
			);
			runOnlyForDeploymentPostprocessing = 0;
		};
/* End PBXSourcesBuildPhase section */

/* Begin XCBuildConfiguration section */
		A5F0B1A129B9CEC90029285C /* Debug */ = {
			isa = XCBuildConfiguration;
			buildSettings = {
				ALWAYS_SEARCH_USER_PATHS = NO;
				CLANG_ANALYZER_NONNULL = YES;
				CLANG_ANALYZER_NUMBER_OBJECT_CONVERSION = YES_AGGRESSIVE;
				CLANG_CXX_LANGUAGE_STANDARD = "gnu++20";
				CLANG_ENABLE_MODULES = YES;
				CLANG_ENABLE_OBJC_ARC = YES;
				CLANG_ENABLE_OBJC_WEAK = YES;
				CLANG_WARN_BLOCK_CAPTURE_AUTORELEASING = YES;
				CLANG_WARN_BOOL_CONVERSION = YES;
				CLANG_WARN_COMMA = YES;
				CLANG_WARN_CONSTANT_CONVERSION = YES;
				CLANG_WARN_DEPRECATED_OBJC_IMPLEMENTATIONS = YES;
				CLANG_WARN_DIRECT_OBJC_ISA_USAGE = YES_ERROR;
				CLANG_WARN_DOCUMENTATION_COMMENTS = YES;
				CLANG_WARN_EMPTY_BODY = YES;
				CLANG_WARN_ENUM_CONVERSION = YES;
				CLANG_WARN_INFINITE_RECURSION = YES;
				CLANG_WARN_INT_CONVERSION = YES;
				CLANG_WARN_NON_LITERAL_NULL_CONVERSION = YES;
				CLANG_WARN_OBJC_IMPLICIT_RETAIN_SELF = YES;
				CLANG_WARN_OBJC_LITERAL_CONVERSION = YES;
				CLANG_WARN_OBJC_ROOT_CLASS = YES_ERROR;
				CLANG_WARN_QUOTED_INCLUDE_IN_FRAMEWORK_HEADER = YES;
				CLANG_WARN_RANGE_LOOP_ANALYSIS = YES;
				CLANG_WARN_STRICT_PROTOTYPES = YES;
				CLANG_WARN_SUSPICIOUS_MOVE = YES;
				CLANG_WARN_UNGUARDED_AVAILABILITY = YES_AGGRESSIVE;
				CLANG_WARN_UNREACHABLE_CODE = YES;
				CLANG_WARN__DUPLICATE_METHOD_MATCH = YES;
				COPY_PHASE_STRIP = NO;
				DEBUG_INFORMATION_FORMAT = dwarf;
				ENABLE_STRICT_OBJC_MSGSEND = YES;
				ENABLE_TESTABILITY = YES;
				GCC_C_LANGUAGE_STANDARD = gnu11;
				GCC_DYNAMIC_NO_PIC = NO;
				GCC_NO_COMMON_BLOCKS = YES;
				GCC_OPTIMIZATION_LEVEL = 0;
				GCC_PREPROCESSOR_DEFINITIONS = (
					"DEBUG=1",
					"$(inherited)",
				);
				GCC_WARN_64_TO_32_BIT_CONVERSION = YES;
				GCC_WARN_ABOUT_RETURN_TYPE = YES_ERROR;
				GCC_WARN_UNDECLARED_SELECTOR = YES;
				GCC_WARN_UNINITIALIZED_AUTOS = YES_AGGRESSIVE;
				GCC_WARN_UNUSED_FUNCTION = YES;
				GCC_WARN_UNUSED_VARIABLE = YES;
				IPHONEOS_DEPLOYMENT_TARGET = 16.2;
				MTL_ENABLE_DEBUG_INFO = INCLUDE_SOURCE;
				MTL_FAST_MATH = YES;
				ONLY_ACTIVE_ARCH = YES;
				SDKROOT = iphoneos;
				SWIFT_ACTIVE_COMPILATION_CONDITIONS = DEBUG;
				SWIFT_OPTIMIZATION_LEVEL = "-Onone";
			};
			name = Debug;
		};
		A5F0B1A229B9CEC90029285C /* Release */ = {
			isa = XCBuildConfiguration;
			buildSettings = {
				ALWAYS_SEARCH_USER_PATHS = NO;
				CLANG_ANALYZER_NONNULL = YES;
				CLANG_ANALYZER_NUMBER_OBJECT_CONVERSION = YES_AGGRESSIVE;
				CLANG_CXX_LANGUAGE_STANDARD = "gnu++20";
				CLANG_ENABLE_MODULES = YES;
				CLANG_ENABLE_OBJC_ARC = YES;
				CLANG_ENABLE_OBJC_WEAK = YES;
				CLANG_WARN_BLOCK_CAPTURE_AUTORELEASING = YES;
				CLANG_WARN_BOOL_CONVERSION = YES;
				CLANG_WARN_COMMA = YES;
				CLANG_WARN_CONSTANT_CONVERSION = YES;
				CLANG_WARN_DEPRECATED_OBJC_IMPLEMENTATIONS = YES;
				CLANG_WARN_DIRECT_OBJC_ISA_USAGE = YES_ERROR;
				CLANG_WARN_DOCUMENTATION_COMMENTS = YES;
				CLANG_WARN_EMPTY_BODY = YES;
				CLANG_WARN_ENUM_CONVERSION = YES;
				CLANG_WARN_INFINITE_RECURSION = YES;
				CLANG_WARN_INT_CONVERSION = YES;
				CLANG_WARN_NON_LITERAL_NULL_CONVERSION = YES;
				CLANG_WARN_OBJC_IMPLICIT_RETAIN_SELF = YES;
				CLANG_WARN_OBJC_LITERAL_CONVERSION = YES;
				CLANG_WARN_OBJC_ROOT_CLASS = YES_ERROR;
				CLANG_WARN_QUOTED_INCLUDE_IN_FRAMEWORK_HEADER = YES;
				CLANG_WARN_RANGE_LOOP_ANALYSIS = YES;
				CLANG_WARN_STRICT_PROTOTYPES = YES;
				CLANG_WARN_SUSPICIOUS_MOVE = YES;
				CLANG_WARN_UNGUARDED_AVAILABILITY = YES_AGGRESSIVE;
				CLANG_WARN_UNREACHABLE_CODE = YES;
				CLANG_WARN__DUPLICATE_METHOD_MATCH = YES;
				COPY_PHASE_STRIP = NO;
				DEBUG_INFORMATION_FORMAT = "dwarf-with-dsym";
				ENABLE_NS_ASSERTIONS = NO;
				ENABLE_STRICT_OBJC_MSGSEND = YES;
				GCC_C_LANGUAGE_STANDARD = gnu11;
				GCC_NO_COMMON_BLOCKS = YES;
				GCC_WARN_64_TO_32_BIT_CONVERSION = YES;
				GCC_WARN_ABOUT_RETURN_TYPE = YES_ERROR;
				GCC_WARN_UNDECLARED_SELECTOR = YES;
				GCC_WARN_UNINITIALIZED_AUTOS = YES_AGGRESSIVE;
				GCC_WARN_UNUSED_FUNCTION = YES;
				GCC_WARN_UNUSED_VARIABLE = YES;
				IPHONEOS_DEPLOYMENT_TARGET = 16.2;
				MTL_ENABLE_DEBUG_INFO = NO;
				MTL_FAST_MATH = YES;
				SDKROOT = iphoneos;
				SWIFT_COMPILATION_MODE = wholemodule;
				SWIFT_OPTIMIZATION_LEVEL = "-O";
				VALIDATE_PRODUCT = YES;
			};
			name = Release;
		};
		A5F0B1A429B9CEC90029285C /* Debug */ = {
			isa = XCBuildConfiguration;
			buildSettings = {
				ASSETCATALOG_COMPILER_APPICON_NAME = AppIcon;
				ASSETCATALOG_COMPILER_GLOBAL_ACCENT_COLOR_NAME = AccentColor;
				CODE_SIGN_IDENTITY = "Apple Development";
				CODE_SIGN_STYLE = Automatic;
				CURRENT_PROJECT_VERSION = 1;
				DEVELOPMENT_ASSET_PATHS = "\"ShopApp/Preview Content\"";
				DEVELOPMENT_TEAM = W723XDRZA4;
				ENABLE_PREVIEWS = YES;
				GENERATE_INFOPLIST_FILE = YES;
				INFOPLIST_KEY_UIApplicationSceneManifest_Generation = YES;
				INFOPLIST_KEY_UIApplicationSupportsIndirectInputEvents = YES;
				INFOPLIST_KEY_UILaunchScreen_Generation = YES;
				INFOPLIST_KEY_UISupportedInterfaceOrientations_iPad = "UIInterfaceOrientationPortrait UIInterfaceOrientationPortraitUpsideDown UIInterfaceOrientationLandscapeLeft UIInterfaceOrientationLandscapeRight";
				INFOPLIST_KEY_UISupportedInterfaceOrientations_iPhone = "UIInterfaceOrientationPortrait UIInterfaceOrientationLandscapeLeft UIInterfaceOrientationLandscapeRight";
				LD_RUNPATH_SEARCH_PATHS = (
					"$(inherited)",
					"@executable_path/Frameworks",
				);
				MARKETING_VERSION = 1.0;
				PRODUCT_BUNDLE_IDENTIFIER = "Demyan-Gorchakov.ShopApp";
				PRODUCT_NAME = "$(TARGET_NAME)";
				PROVISIONING_PROFILE_SPECIFIER = "";
				SWIFT_EMIT_LOC_STRINGS = YES;
				SWIFT_VERSION = 5.0;
				TARGETED_DEVICE_FAMILY = "1,2";
			};
			name = Debug;
		};
		A5F0B1A529B9CEC90029285C /* Release */ = {
			isa = XCBuildConfiguration;
			buildSettings = {
				ASSETCATALOG_COMPILER_APPICON_NAME = AppIcon;
				ASSETCATALOG_COMPILER_GLOBAL_ACCENT_COLOR_NAME = AccentColor;
				CODE_SIGN_IDENTITY = "Apple Development";
				CODE_SIGN_STYLE = Automatic;
				CURRENT_PROJECT_VERSION = 1;
				DEVELOPMENT_ASSET_PATHS = "\"ShopApp/Preview Content\"";
				DEVELOPMENT_TEAM = W723XDRZA4;
				ENABLE_PREVIEWS = YES;
				GENERATE_INFOPLIST_FILE = YES;
				INFOPLIST_KEY_UIApplicationSceneManifest_Generation = YES;
				INFOPLIST_KEY_UIApplicationSupportsIndirectInputEvents = YES;
				INFOPLIST_KEY_UILaunchScreen_Generation = YES;
				INFOPLIST_KEY_UISupportedInterfaceOrientations_iPad = "UIInterfaceOrientationPortrait UIInterfaceOrientationPortraitUpsideDown UIInterfaceOrientationLandscapeLeft UIInterfaceOrientationLandscapeRight";
				INFOPLIST_KEY_UISupportedInterfaceOrientations_iPhone = "UIInterfaceOrientationPortrait UIInterfaceOrientationLandscapeLeft UIInterfaceOrientationLandscapeRight";
				LD_RUNPATH_SEARCH_PATHS = (
					"$(inherited)",
					"@executable_path/Frameworks",
				);
				MARKETING_VERSION = 1.0;
				PRODUCT_BUNDLE_IDENTIFIER = "Demyan-Gorchakov.ShopApp";
				PRODUCT_NAME = "$(TARGET_NAME)";
				PROVISIONING_PROFILE_SPECIFIER = "";
				SWIFT_EMIT_LOC_STRINGS = YES;
				SWIFT_VERSION = 5.0;
				TARGETED_DEVICE_FAMILY = "1,2";
			};
			name = Release;
		};
/* End XCBuildConfiguration section */

/* Begin XCConfigurationList section */
		A5F0B19029B9CEC70029285C /* Build configuration list for PBXProject "ShopApp" */ = {
			isa = XCConfigurationList;
			buildConfigurations = (
				A5F0B1A129B9CEC90029285C /* Debug */,
				A5F0B1A229B9CEC90029285C /* Release */,
			);
			defaultConfigurationIsVisible = 0;
			defaultConfigurationName = Release;
		};
		A5F0B1A329B9CEC90029285C /* Build configuration list for PBXNativeTarget "ShopApp" */ = {
			isa = XCConfigurationList;
			buildConfigurations = (
				A5F0B1A429B9CEC90029285C /* Debug */,
				A5F0B1A529B9CEC90029285C /* Release */,
			);
			defaultConfigurationIsVisible = 0;
			defaultConfigurationName = Release;
		};
/* End XCConfigurationList section */

/* Begin XCRemoteSwiftPackageReference section */
		A569EA2129C89D84001C8815 /* XCRemoteSwiftPackageReference "firebase-ios-sdk" */ = {
			isa = XCRemoteSwiftPackageReference;
			repositoryURL = "https://github.com/firebase/firebase-ios-sdk";
			requirement = {
				branch = master;
				kind = branch;
			};
		};
/* End XCRemoteSwiftPackageReference section */

/* Begin XCSwiftPackageProductDependency section */
		A569EA2229C89D84001C8815 /* FirebaseAuth */ = {
			isa = XCSwiftPackageProductDependency;
			package = A569EA2129C89D84001C8815 /* XCRemoteSwiftPackageReference "firebase-ios-sdk" */;
			productName = FirebaseAuth;
		};
		A569EA2429C89D84001C8815 /* FirebaseDatabase */ = {
			isa = XCSwiftPackageProductDependency;
			package = A569EA2129C89D84001C8815 /* XCRemoteSwiftPackageReference "firebase-ios-sdk" */;
			productName = FirebaseDatabase;
		};
		A569EA2629C89D84001C8815 /* FirebaseFirestore */ = {
			isa = XCSwiftPackageProductDependency;
			package = A569EA2129C89D84001C8815 /* XCRemoteSwiftPackageReference "firebase-ios-sdk" */;
			productName = FirebaseFirestore;
		};
		A569EA2829C89D84001C8815 /* FirebaseStorage */ = {
			isa = XCSwiftPackageProductDependency;
			package = A569EA2129C89D84001C8815 /* XCRemoteSwiftPackageReference "firebase-ios-sdk" */;
			productName = FirebaseStorage;
		};
/* End XCSwiftPackageProductDependency section */
	};
	rootObject = A5F0B18D29B9CEC70029285C /* Project object */;
}
